
Microsoft Visual Studio Solution File, Format Version 12.00
# Visual Studio Version 17
VisualStudioVersion = 17.10.35122.118
MinimumVisualStudioVersion = 10.0.40219.1
Project("{FAE04EC0-301F-11D3-BF4B-00C04F79EFBC}") = "Dreyer_Nov20", "Dreyer_Nov20.csproj", "{A1C14E4B-1120-40F6-8D0C-E189F47D540B}"
EndProject
Global
	GlobalSection(SolutionConfigurationPlatforms) = preSolution
		Debug|Any CPU = Debug|Any CPU
		Release|Any CPU = Release|Any CPU
	EndGlobalSection
	GlobalSection(ProjectConfigurationPlatforms) = postSolution
		{A1C14E4B-1120-40F6-8D0C-E189F47D540B}.Debug|Any CPU.ActiveCfg = Debug|Any CPU
		{A1C14E4B-1120-40F6-8D0C-E189F47D540B}.Debug|Any CPU.Build.0 = Debug|Any CPU
		{A1C14E4B-1120-40F6-8D0C-E189F47D540B}.Release|Any CPU.ActiveCfg = Release|Any CPU
		{A1C14E4B-1120-40F6-8D0C-E189F47D540B}.Release|Any CPU.Build.0 = Release|Any CPU
	EndGlobalSection
	GlobalSection(SolutionProperties) = preSolution
		HideSolutionNode = FALSE
	EndGlobalSection
	GlobalSection(ExtensibilityGlobals) = postSolution
		SolutionGuid = {4779BDD2-DB10-44CE-B18D-24ECC895D5A8}
	EndGlobalSection
EndGlobal
